<?xml version="1.0" encoding="utf-8"?>
<Project ToolsVersion="4.0" xmlns="http://schemas.microsoft.com/developer/msbuild/2003">
  <ItemGroup>
    <Filter Include="Source Files">
      <UniqueIdentifier>{4FC737F1-C7A5-4376-A066-2A32D752A2FF}</UniqueIdentifier>
      <Extensions>cpp;c;cc;cxx;c++;cppm;ixx;def;odl;idl;hpj;bat;asm;asmx</Extensions>
    </Filter>
    <Filter Include="Header Files">
      <UniqueIdentifier>{93995380-89BD-4b04-88EB-625FBE52EBFB}</UniqueIdentifier>
      <Extensions>h;hh;hpp;hxx;h++;hm;inl;inc;ipp;xsd</Extensions>
    </Filter>
    <Filter Include="Resource Files">
      <UniqueIdentifier>{67DA6AB6-F800-4c08-8B7A-83BB121AAD01}</UniqueIdentifier>
      <Extensions>rc;ico;cur;bmp;dlg;rc2;rct;bin;rgs;gif;jpg;jpeg;jpe;resx;tiff;tif;png;wav;mfcribbon-ms</Extensions>
    </Filter>
  </ItemGroup>
  <ItemGroup>
    <ClInclude Include="includes\jgl2.h">
      <Filter>Header Files</Filter>
    </ClInclude>
    <ClInclude Include="includes\jgl2_basic_types.h">
      <Filter>Header Files</Filter>
    </ClInclude>
    <ClInclude Include="includes\jgl2_includes.h">
      <Filter>Header Files</Filter>
    </ClInclude>
    <ClInclude Include="includes\Structure\jgl2_iostream.h">
      <Filter>Header Files</Filter>
    </ClInclude>
    <ClInclude Include="includes\jgl2_structures.h">
      <Filter>Header Files</Filter>
    </ClInclude>
    <ClInclude Include="includes\Structure\jgl2_thread.h">
      <Filter>Header Files</Filter>
    </ClInclude>
    <ClInclude Include="includes\Structure\jgl2_vector.h">
      <Filter>Header Files</Filter>
    </ClInclude>
    <ClInclude Include="includes\Structure\jgl2_application.h">
      <Filter>Header Files</Filter>
    </ClInclude>
    <ClInclude Include="includes\Structure\jgl2_widget.h">
      <Filter>Header Files</Filter>
    </ClInclude>
    <ClInclude Include="includes\Structure\jgl2_openGLContext.h">
      <Filter>Header Files</Filter>
    </ClInclude>
    <ClInclude Include="includes\Structure\jgl2_color.h">
      <Filter>Header Files</Filter>
    </ClInclude>
    <ClInclude Include="includes\Structure\jgl2_polymorphic_container.h">
      <Filter>Header Files</Filter>
    </ClInclude>
    <ClInclude Include="includes\Structure\jgl2_pool.h">
      <Filter>Header Files</Filter>
    </ClInclude>
    <ClInclude Include="includes\Structure\jgl2_keyboard.h">
      <Filter>Header Files</Filter>
    </ClInclude>
    <ClInclude Include="includes\jgl2_enums.h">
      <Filter>Header Files</Filter>
    </ClInclude>
    <ClInclude Include="includes\Structure\jgl2_mouse.h">
      <Filter>Header Files</Filter>
    </ClInclude>
    <ClInclude Include="includes\jgl2_drawing_functions.h">
      <Filter>Header Files</Filter>
    </ClInclude>
    <ClInclude Include="includes\Structure\jgl2_shader.h">
      <Filter>Header Files</Filter>
    </ClInclude>
    <ClInclude Include="includes\jgl2_basic_functions.h">
      <Filter>Header Files</Filter>
    </ClInclude>
    <ClInclude Include="includes\Structure\jgl2_image.h">
      <Filter>Header Files</Filter>
    </ClInclude>
    <ClInclude Include="includes\ExternalLibraries\stb_image.h">
      <Filter>Header Files</Filter>
    </ClInclude>
    <ClInclude Include="includes\ExternalLibraries\stb_image_write.h">
      <Filter>Header Files</Filter>
    </ClInclude>
    <ClInclude Include="includes\ExternalLibraries\stb_truetype.h">
      <Filter>Header Files</Filter>
    </ClInclude>
    <ClInclude Include="includes\Structure\jgl2_image_output.h">
      <Filter>Header Files</Filter>
    </ClInclude>
  </ItemGroup>
  <ItemGroup>
    <ClCompile Include="src\Structure\jgl2_iostream.cpp">
      <Filter>Source Files</Filter>
    </ClCompile>
    <ClCompile Include="src\Structure\jgl2_widget.cpp">
      <Filter>Source Files</Filter>
    </ClCompile>
    <ClCompile Include="src\Structure\jgl2_application.cpp">
      <Filter>Source Files</Filter>
    </ClCompile>
    <ClCompile Include="src\Structure\jgl2_thread.cpp">
      <Filter>Source Files</Filter>
    </ClCompile>
    <ClCompile Include="src\Structure\jgl2_openGLContext.cpp">
      <Filter>Source Files</Filter>
    </ClCompile>
    <ClCompile Include="src\Structure\jgl2_application_win_proc.cpp">
      <Filter>Source Files</Filter>
    </ClCompile>
    <ClCompile Include="src\Structure\jgl2_keyboard.cpp">
      <Filter>Source Files</Filter>
    </ClCompile>
    <ClCompile Include="src\Structure\jgl2_mouse.cpp">
      <Filter>Source Files</Filter>
    </ClCompile>
    <ClCompile Include="src\Structure\jgl2_application_opengl_function.cpp">
      <Filter>Source Files</Filter>
    </ClCompile>
    <ClCompile Include="src\jgl2_drawing_functions.cpp">
      <Filter>Source Files</Filter>
    </ClCompile>
    <ClCompile Include="src\Structure\jgl2_shader.cpp">
      <Filter>Source Files</Filter>
    </ClCompile>
    <ClCompile Include="src\jgl2_basic_functions.cpp">
      <Filter>Source Files</Filter>
    </ClCompile>
    <ClCompile Include="src\Structure\jgl2_application_shader.cpp">
      <Filter>Source Files</Filter>
    </ClCompile>
    <ClCompile Include="src\Structure\jgl2_image.cpp">
      <Filter>Source Files</Filter>
    </ClCompile>
    <ClCompile Include="src\Structure\jgl2_image_output.cpp">
      <Filter>Source Files</Filter>
    </ClCompile>
  </ItemGroup>
</Project>